
Microsoft Visual Studio Solution File, Format Version 12.00
# Visual Studio Version 16
VisualStudioVersion = 16.0.29709.97
MinimumVisualStudioVersion = 10.0.40219.1
Project("{930C7802-8A8C-48F9-8165-68863BCCD9DD}") = "OfficeDrawIoSetup", "OfficeDrawIoSetup\OfficeDrawIoSetup.wixproj", "{E7EE3FE6-3CA4-48E6-BCCD-01B904717F92}"
	ProjectSection(ProjectDependencies) = postProject
		{7598F877-F683-4A37-BCBD-E78581D1C2E9} = {7598F877-F683-4A37-BCBD-E78581D1C2E9}
		{648D4094-C75E-462E-A38C-2F9368F6E323} = {648D4094-C75E-462E-A38C-2F9368F6E323}
	EndProjectSection
EndProject
Project("{FAE04EC0-301F-11D3-BF4B-00C04F79EFBC}") = "OfficeDrawIoWord", "OfficeDrawIoWord\OfficeDrawIoWord.csproj", "{648D4094-C75E-462E-A38C-2F9368F6E323}"
EndProject
Project("{FAE04EC0-301F-11D3-BF4B-00C04F79EFBC}") = "OfficeDrawIo", "OfficeDrawIo\OfficeDrawIo.csproj", "{7598F877-F683-4A37-BCBD-E78581D1C2E9}"
EndProject
Project("{FAE04EC0-301F-11D3-BF4B-00C04F79EFBC}") = "OfficeDrawIoPpt", "OfficeDrawIoPpt\OfficeDrawIoPpt.csproj", "{AE8662D1-6157-498D-A0FC-1E24E1892CE6}"
EndProject
Project("{2150E333-8FDC-42A3-9474-1A3956D46DE8}") = "Solution", "Solution", "{C199E349-6D32-4FE3-8C41-B0C5EACAE320}"
	ProjectSection(SolutionItems) = preProject
		CommonAssemblyInfo.cs = CommonAssemblyInfo.cs
	EndProjectSection
EndProject
Global
	GlobalSection(SolutionConfigurationPlatforms) = preSolution
		Debug|Any CPU = Debug|Any CPU
		Debug|x64 = Debug|x64
		Debug|x86 = Debug|x86
		Release|Any CPU = Release|Any CPU
		Release|x64 = Release|x64
		Release|x86 = Release|x86
	EndGlobalSection
	GlobalSection(ProjectConfigurationPlatforms) = postSolution
		{E7EE3FE6-3CA4-48E6-BCCD-01B904717F92}.Debug|Any CPU.ActiveCfg = Debug|x64
		{E7EE3FE6-3CA4-48E6-BCCD-01B904717F92}.Debug|x64.ActiveCfg = Debug|x64
		{E7EE3FE6-3CA4-48E6-BCCD-01B904717F92}.Debug|x86.ActiveCfg = Debug|x86
		{E7EE3FE6-3CA4-48E6-BCCD-01B904717F92}.Release|Any CPU.ActiveCfg = Release|x86
		{E7EE3FE6-3CA4-48E6-BCCD-01B904717F92}.Release|x64.ActiveCfg = Release|x64
		{E7EE3FE6-3CA4-48E6-BCCD-01B904717F92}.Release|x86.ActiveCfg = Release|x86
		{648D4094-C75E-462E-A38C-2F9368F6E323}.Debug|Any CPU.ActiveCfg = Debug|Any CPU
		{648D4094-C75E-462E-A38C-2F9368F6E323}.Debug|Any CPU.Build.0 = Debug|Any CPU
		{648D4094-C75E-462E-A38C-2F9368F6E323}.Debug|x64.ActiveCfg = Debug|Any CPU
		{648D4094-C75E-462E-A38C-2F9368F6E323}.Debug|x64.Build.0 = Debug|Any CPU
		{648D4094-C75E-462E-A38C-2F9368F6E323}.Debug|x86.ActiveCfg = Debug|Any CPU
		{648D4094-C75E-462E-A38C-2F9368F6E323}.Debug|x86.Build.0 = Debug|Any CPU
		{648D4094-C75E-462E-A38C-2F9368F6E323}.Release|Any CPU.ActiveCfg = Release|Any CPU
		{648D4094-C75E-462E-A38C-2F9368F6E323}.Release|Any CPU.Build.0 = Release|Any CPU
		{648D4094-C75E-462E-A38C-2F9368F6E323}.Release|x64.ActiveCfg = Release|Any CPU
		{648D4094-C75E-462E-A38C-2F9368F6E323}.Release|x64.Build.0 = Release|Any CPU
		{648D4094-C75E-462E-A38C-2F9368F6E323}.Release|x86.ActiveCfg = Release|Any CPU
		{648D4094-C75E-462E-A38C-2F9368F6E323}.Release|x86.Build.0 = Release|Any CPU
		{7598F877-F683-4A37-BCBD-E78581D1C2E9}.Debug|Any CPU.ActiveCfg = Debug|Any CPU
		{7598F877-F683-4A37-BCBD-E78581D1C2E9}.Debug|Any CPU.Build.0 = Debug|Any CPU
		{7598F877-F683-4A37-BCBD-E78581D1C2E9}.Debug|x64.ActiveCfg = Debug|Any CPU
		{7598F877-F683-4A37-BCBD-E78581D1C2E9}.Debug|x64.Build.0 = Debug|Any CPU
		{7598F877-F683-4A37-BCBD-E78581D1C2E9}.Debug|x86.ActiveCfg = Debug|Any CPU
		{7598F877-F683-4A37-BCBD-E78581D1C2E9}.Debug|x86.Build.0 = Debug|Any CPU
		{7598F877-F683-4A37-BCBD-E78581D1C2E9}.Release|Any CPU.ActiveCfg = Release|Any CPU
		{7598F877-F683-4A37-BCBD-E78581D1C2E9}.Release|Any CPU.Build.0 = Release|Any CPU
		{7598F877-F683-4A37-BCBD-E78581D1C2E9}.Release|x64.ActiveCfg = Release|Any CPU
		{7598F877-F683-4A37-BCBD-E78581D1C2E9}.Release|x64.Build.0 = Release|Any CPU
		{7598F877-F683-4A37-BCBD-E78581D1C2E9}.Release|x86.ActiveCfg = Release|Any CPU
		{7598F877-F683-4A37-BCBD-E78581D1C2E9}.Release|x86.Build.0 = Release|Any CPU
		{AE8662D1-6157-498D-A0FC-1E24E1892CE6}.Debug|Any CPU.ActiveCfg = Debug|Any CPU
		{AE8662D1-6157-498D-A0FC-1E24E1892CE6}.Debug|Any CPU.Build.0 = Debug|Any CPU
		{AE8662D1-6157-498D-A0FC-1E24E1892CE6}.Debug|x64.ActiveCfg = Debug|Any CPU
		{AE8662D1-6157-498D-A0FC-1E24E1892CE6}.Debug|x64.Build.0 = Debug|Any CPU
		{AE8662D1-6157-498D-A0FC-1E24E1892CE6}.Debug|x86.ActiveCfg = Debug|Any CPU
		{AE8662D1-6157-498D-A0FC-1E24E1892CE6}.Debug|x86.Build.0 = Debug|Any CPU
		{AE8662D1-6157-498D-A0FC-1E24E1892CE6}.Release|Any CPU.ActiveCfg = Release|Any CPU
		{AE8662D1-6157-498D-A0FC-1E24E1892CE6}.Release|Any CPU.Build.0 = Release|Any CPU
		{AE8662D1-6157-498D-A0FC-1E24E1892CE6}.Release|x64.ActiveCfg = Release|Any CPU
		{AE8662D1-6157-498D-A0FC-1E24E1892CE6}.Release|x64.Build.0 = Release|Any CPU
		{AE8662D1-6157-498D-A0FC-1E24E1892CE6}.Release|x86.ActiveCfg = Release|Any CPU
		{AE8662D1-6157-498D-A0FC-1E24E1892CE6}.Release|x86.Build.0 = Release|Any CPU
	EndGlobalSection
	GlobalSection(SolutionProperties) = preSolution
		HideSolutionNode = FALSE
	EndGlobalSection
	GlobalSection(ExtensibilityGlobals) = postSolution
		SolutionGuid = {988F2EF1-6177-48EA-8627-166E473461B0}
	EndGlobalSection
EndGlobal
